
Microsoft Visual Studio Solution File, Format Version 12.00
# Visual Studio Version 16
VisualStudioVersion = 16.0.31129.286
MinimumVisualStudioVersion = 10.0.40219.1
Project("{FAE04EC0-301F-11D3-BF4B-00C04F79EFBC}") = "Delegates", "Delegates\Delegates.csproj", "{13F29940-BCD2-481D-B3BF-DF611753F51B}"
EndProject
Global
	GlobalSection(SolutionConfigurationPlatforms) = preSolution
		Debug|Any CPU = Debug|Any CPU
		Release|Any CPU = Release|Any CPU
	EndGlobalSection
	GlobalSection(ProjectConfigurationPlatforms) = postSolution
		{13F29940-BCD2-481D-B3BF-DF611753F51B}.Debug|Any CPU.ActiveCfg = Debug|Any CPU
		{13F29940-BCD2-481D-B3BF-DF611753F51B}.Debug|Any CPU.Build.0 = Debug|Any CPU
		{13F29940-BCD2-481D-B3BF-DF611753F51B}.Release|Any CPU.ActiveCfg = Release|Any CPU
		{13F29940-BCD2-481D-B3BF-DF611753F51B}.Release|Any CPU.Build.0 = Release|Any CPU
	EndGlobalSection
	GlobalSection(SolutionProperties) = preSolution
		HideSolutionNode = FALSE
	EndGlobalSection
	GlobalSection(ExtensibilityGlobals) = postSolution
		SolutionGuid = {14FE94B4-FCCE-4197-9F84-3B0472CB1E41}
	EndGlobalSection
EndGlobal
